// !$*UTF8*$!
{
	archiveVersion = 1;
	classes = {
	};
	objectVersion = 54;
	objects = {

/* Begin PBXBuildFile section */
		0ABCDE042695C726002EBE16 /* Main.storyboard in Resources */ = {isa = PBXBuildFile; fileRef = 0ABCDE032695C726002EBE16 /* Main.storyboard */; };
		0AC221A524A8F564007E3BE9 /* start.wav in Resources */ = {isa = PBXBuildFile; fileRef = 0AC221A324A8F564007E3BE9 /* start.wav */; };
		0AC221A624A8F564007E3BE9 /* touch.wav in Resources */ = {isa = PBXBuildFile; fileRef = 0AC221A424A8F564007E3BE9 /* touch.wav */; };
		0AC221A824A8F615007E3BE9 /* touch2.wav in Resources */ = {isa = PBXBuildFile; fileRef = 0AC221A724A8F615007E3BE9 /* touch2.wav */; };
		0AC4C3702480398800125806 /* AppDelegate.swift in Sources */ = {isa = PBXBuildFile; fileRef = 0AC4C36F2480398800125806 /* AppDelegate.swift */; };
		0AC4C3722480398800125806 /* ContentView.swift in Sources */ = {isa = PBXBuildFile; fileRef = 0AC4C3712480398800125806 /* ContentView.swift */; };
		0AC4C3772480398900125806 /* Assets.xcassets in Resources */ = {isa = PBXBuildFile; fileRef = 0AC4C3762480398900125806 /* Assets.xcassets */; };
		0AC4C37A2480398900125806 /* Preview Assets.xcassets in Resources */ = {isa = PBXBuildFile; fileRef = 0AC4C3792480398900125806 /* Preview Assets.xcassets */; };
		0AC4C387248039CF00125806 /* TimerRing.swift in Sources */ = {isa = PBXBuildFile; fileRef = 0AC4C386248039CF00125806 /* TimerRing.swift */; };
		0AC4C389248039E800125806 /* Utils.swift in Sources */ = {isa = PBXBuildFile; fileRef = 0AC4C388248039E800125806 /* Utils.swift */; };
		0AC4C38B248039FF00125806 /* Button.swift in Sources */ = {isa = PBXBuildFile; fileRef = 0AC4C38A248039FF00125806 /* Button.swift */; };
		0AC4C38D24803A1200125806 /* Timer.swift in Sources */ = {isa = PBXBuildFile; fileRef = 0AC4C38C24803A1200125806 /* Timer.swift */; };
		0AC4C38F24803A3400125806 /* PagerView.swift in Sources */ = {isa = PBXBuildFile; fileRef = 0AC4C38E24803A3400125806 /* PagerView.swift */; };
		0AC4C39124803A4500125806 /* AboutView.swift in Sources */ = {isa = PBXBuildFile; fileRef = 0AC4C39024803A4500125806 /* AboutView.swift */; };
		0AC4C39324803A5C00125806 /* TooltipComponent.swift in Sources */ = {isa = PBXBuildFile; fileRef = 0AC4C39224803A5C00125806 /* TooltipComponent.swift */; };
		0AC4C39624803A7A00125806 /* SpaceMono-Regular.ttf in Resources */ = {isa = PBXBuildFile; fileRef = 0AC4C39524803A7A00125806 /* SpaceMono-Regular.ttf */; };
		0AC4C39824803B8900125806 /* done2.mp3 in Resources */ = {isa = PBXBuildFile; fileRef = 0AC4C39724803B8900125806 /* done2.mp3 */; };
		0AC4C39A24803BB500125806 /* SpaceMono-Regular.ttf in CopyFiles */ = {isa = PBXBuildFile; fileRef = 0AC4C39524803A7A00125806 /* SpaceMono-Regular.ttf */; };
/* End PBXBuildFile section */

/* Begin PBXCopyFilesBuildPhase section */
		0AC4C39924803BA900125806 /* CopyFiles */ = {
			isa = PBXCopyFilesBuildPhase;
			buildActionMask = 2147483647;
			dstPath = Fonts;
			dstSubfolderSpec = 7;
			files = (
				0AC4C39A24803BB500125806 /* SpaceMono-Regular.ttf in CopyFiles */,
			);
			runOnlyForDeploymentPostprocessing = 0;
		};
/* End PBXCopyFilesBuildPhase section */

/* Begin PBXFileReference section */
		0ABCDE032695C726002EBE16 /* Main.storyboard */ = {isa = PBXFileReference; fileEncoding = 4; lastKnownFileType = file.storyboard; path = Main.storyboard; sourceTree = "<group>"; };
		0AC221A324A8F564007E3BE9 /* start.wav */ = {isa = PBXFileReference; lastKnownFileType = audio.wav; path = start.wav; sourceTree = "<group>"; };
		0AC221A424A8F564007E3BE9 /* touch.wav */ = {isa = PBXFileReference; lastKnownFileType = audio.wav; path = touch.wav; sourceTree = "<group>"; };
		0AC221A724A8F615007E3BE9 /* touch2.wav */ = {isa = PBXFileReference; lastKnownFileType = audio.wav; path = touch2.wav; sourceTree = "<group>"; };
		0AC4C36C2480398800125806 /* Pomosh.app */ = {isa = PBXFileReference; explicitFileType = wrapper.application; includeInIndex = 0; path = Pomosh.app; sourceTree = BUILT_PRODUCTS_DIR; };
		0AC4C36F2480398800125806 /* AppDelegate.swift */ = {isa = PBXFileReference; lastKnownFileType = sourcecode.swift; path = AppDelegate.swift; sourceTree = "<group>"; };
		0AC4C3712480398800125806 /* ContentView.swift */ = {isa = PBXFileReference; lastKnownFileType = sourcecode.swift; path = ContentView.swift; sourceTree = "<group>"; };
		0AC4C3762480398900125806 /* Assets.xcassets */ = {isa = PBXFileReference; lastKnownFileType = folder.assetcatalog; path = Assets.xcassets; sourceTree = "<group>"; };
		0AC4C3792480398900125806 /* Preview Assets.xcassets */ = {isa = PBXFileReference; lastKnownFileType = folder.assetcatalog; path = "Preview Assets.xcassets"; sourceTree = "<group>"; };
		0AC4C37E2480398900125806 /* Info.plist */ = {isa = PBXFileReference; lastKnownFileType = text.plist.xml; path = Info.plist; sourceTree = "<group>"; };
		0AC4C37F2480398900125806 /* Pomosh.entitlements */ = {isa = PBXFileReference; lastKnownFileType = text.plist.entitlements; path = Pomosh.entitlements; sourceTree = "<group>"; };
		0AC4C386248039CF00125806 /* TimerRing.swift */ = {isa = PBXFileReference; lastKnownFileType = sourcecode.swift; path = TimerRing.swift; sourceTree = "<group>"; };
		0AC4C388248039E800125806 /* Utils.swift */ = {isa = PBXFileReference; lastKnownFileType = sourcecode.swift; path = Utils.swift; sourceTree = "<group>"; };
		0AC4C38A248039FF00125806 /* Button.swift */ = {isa = PBXFileReference; lastKnownFileType = sourcecode.swift; path = Button.swift; sourceTree = "<group>"; };
		0AC4C38C24803A1200125806 /* Timer.swift */ = {isa = PBXFileReference; lastKnownFileType = sourcecode.swift; path = Timer.swift; sourceTree = "<group>"; };
		0AC4C38E24803A3400125806 /* PagerView.swift */ = {isa = PBXFileReference; lastKnownFileType = sourcecode.swift; path = PagerView.swift; sourceTree = "<group>"; };
		0AC4C39024803A4500125806 /* AboutView.swift */ = {isa = PBXFileReference; lastKnownFileType = sourcecode.swift; path = AboutView.swift; sourceTree = "<group>"; };
		0AC4C39224803A5C00125806 /* TooltipComponent.swift */ = {isa = PBXFileReference; lastKnownFileType = sourcecode.swift; path = TooltipComponent.swift; sourceTree = "<group>"; };
		0AC4C39524803A7A00125806 /* SpaceMono-Regular.ttf */ = {isa = PBXFileReference; lastKnownFileType = file; path = "SpaceMono-Regular.ttf"; sourceTree = "<group>"; };
		0AC4C39724803B8900125806 /* done2.mp3 */ = {isa = PBXFileReference; lastKnownFileType = audio.mp3; path = done2.mp3; sourceTree = "<group>"; };
/* End PBXFileReference section */

/* Begin PBXFrameworksBuildPhase section */
		0AC4C3692480398800125806 /* Frameworks */ = {
			isa = PBXFrameworksBuildPhase;
			buildActionMask = 2147483647;
			files = (
			);
			runOnlyForDeploymentPostprocessing = 0;
		};
/* End PBXFrameworksBuildPhase section */

/* Begin PBXGroup section */
		0A8E33832695C5C800ED9ADB /* Sound */ = {
			isa = PBXGroup;
			children = (
				0AC4C39724803B8900125806 /* done2.mp3 */,
				0AC221A324A8F564007E3BE9 /* start.wav */,
				0AC221A724A8F615007E3BE9 /* touch2.wav */,
				0AC221A424A8F564007E3BE9 /* touch.wav */,
			);
			path = Sound;
			sourceTree = "<group>";
		};
		0A8E33842695C5EE00ED9ADB /* Views */ = {
			isa = PBXGroup;
			children = (
				0AC4C386248039CF00125806 /* TimerRing.swift */,
				0AC4C38E24803A3400125806 /* PagerView.swift */,
				0AC4C39024803A4500125806 /* AboutView.swift */,
			);
			path = Views;
			sourceTree = "<group>";
		};
		0A8E33852695C5FE00ED9ADB /* Components */ = {
			isa = PBXGroup;
			children = (
				0AC4C38A248039FF00125806 /* Button.swift */,
				0AC4C38C24803A1200125806 /* Timer.swift */,
				0AC4C39224803A5C00125806 /* TooltipComponent.swift */,
			);
			path = Components;
			sourceTree = "<group>";
		};
		0AC4C3632480398800125806 = {
			isa = PBXGroup;
			children = (
				0AC4C36E2480398800125806 /* Pomosh */,
				0AC4C36D2480398800125806 /* Products */,
				A57E8F441FB871414D85212F /* Frameworks */,
			);
			sourceTree = "<group>";
		};
		0AC4C36D2480398800125806 /* Products */ = {
			isa = PBXGroup;
			children = (
				0AC4C36C2480398800125806 /* Pomosh.app */,
			);
			name = Products;
			sourceTree = "<group>";
		};
		0AC4C36E2480398800125806 /* Pomosh */ = {
			isa = PBXGroup;
			children = (
				0ABCDE032695C726002EBE16 /* Main.storyboard */,
				0A8E33852695C5FE00ED9ADB /* Components */,
				0A8E33842695C5EE00ED9ADB /* Views */,
				0A8E33832695C5C800ED9ADB /* Sound */,
				0AC4C39424803A6D00125806 /* Fonts */,
				0AC4C36F2480398800125806 /* AppDelegate.swift */,
				0AC4C3712480398800125806 /* ContentView.swift */,
				0AC4C3762480398900125806 /* Assets.xcassets */,
				0AC4C37E2480398900125806 /* Info.plist */,
				0AC4C37F2480398900125806 /* Pomosh.entitlements */,
				0AC4C3782480398900125806 /* Preview Content */,
				0AC4C388248039E800125806 /* Utils.swift */,
			);
			path = Pomosh;
			sourceTree = "<group>";
		};
		0AC4C3782480398900125806 /* Preview Content */ = {
			isa = PBXGroup;
			children = (
				0AC4C3792480398900125806 /* Preview Assets.xcassets */,
			);
			path = "Preview Content";
			sourceTree = "<group>";
		};
		0AC4C39424803A6D00125806 /* Fonts */ = {
			isa = PBXGroup;
			children = (
				0AC4C39524803A7A00125806 /* SpaceMono-Regular.ttf */,
			);
			path = Fonts;
			sourceTree = "<group>";
		};
		A57E8F441FB871414D85212F /* Frameworks */ = {
			isa = PBXGroup;
			children = (
			);
			name = Frameworks;
			sourceTree = "<group>";
		};
/* End PBXGroup section */

/* Begin PBXNativeTarget section */
		0AC4C36B2480398800125806 /* Pomosh */ = {
			isa = PBXNativeTarget;
			buildConfigurationList = 0AC4C3822480398900125806 /* Build configuration list for PBXNativeTarget "Pomosh" */;
			buildPhases = (
				0AC4C3682480398800125806 /* Sources */,
				0AC4C3692480398800125806 /* Frameworks */,
				0AC4C36A2480398800125806 /* Resources */,
				0AC4C39924803BA900125806 /* CopyFiles */,
			);
			buildRules = (
			);
			dependencies = (
			);
			name = Pomosh;
			productName = Pomosh;
			productReference = 0AC4C36C2480398800125806 /* Pomosh.app */;
			productType = "com.apple.product-type.application";
		};
/* End PBXNativeTarget section */

/* Begin PBXProject section */
		0AC4C3642480398800125806 /* Project object */ = {
			isa = PBXProject;
			attributes = {
				LastSwiftUpdateCheck = 1140;
				LastUpgradeCheck = 1220;
				ORGANIZATIONNAME = "Steven J. Selcuk";
				TargetAttributes = {
					0AC4C36B2480398800125806 = {
						CreatedOnToolsVersion = 11.4.1;
					};
				};
			};
			buildConfigurationList = 0AC4C3672480398800125806 /* Build configuration list for PBXProject "Pomosh" */;
			compatibilityVersion = "Xcode 12.0";
			developmentRegion = en;
			hasScannedForEncodings = 0;
			knownRegions = (
				en,
				Base,
			);
			mainGroup = 0AC4C3632480398800125806;
			productRefGroup = 0AC4C36D2480398800125806 /* Products */;
			projectDirPath = "";
			projectRoot = "";
			targets = (
				0AC4C36B2480398800125806 /* Pomosh */,
			);
		};
/* End PBXProject section */

/* Begin PBXResourcesBuildPhase section */
		0AC4C36A2480398800125806 /* Resources */ = {
			isa = PBXResourcesBuildPhase;
			buildActionMask = 2147483647;
			files = (
				0AC221A524A8F564007E3BE9 /* start.wav in Resources */,
				0AC4C39624803A7A00125806 /* SpaceMono-Regular.ttf in Resources */,
				0AC221A824A8F615007E3BE9 /* touch2.wav in Resources */,
				0ABCDE042695C726002EBE16 /* Main.storyboard in Resources */,
				0AC4C39824803B8900125806 /* done2.mp3 in Resources */,
				0AC221A624A8F564007E3BE9 /* touch.wav in Resources */,
				0AC4C37A2480398900125806 /* Preview Assets.xcassets in Resources */,
				0AC4C3772480398900125806 /* Assets.xcassets in Resources */,
			);
			runOnlyForDeploymentPostprocessing = 0;
		};
/* End PBXResourcesBuildPhase section */

/* Begin PBXSourcesBuildPhase section */
		0AC4C3682480398800125806 /* Sources */ = {
			isa = PBXSourcesBuildPhase;
			buildActionMask = 2147483647;
			files = (
				0AC4C389248039E800125806 /* Utils.swift in Sources */,
				0AC4C38B248039FF00125806 /* Button.swift in Sources */,
				0AC4C38D24803A1200125806 /* Timer.swift in Sources */,
				0AC4C39124803A4500125806 /* AboutView.swift in Sources */,
				0AC4C38F24803A3400125806 /* PagerView.swift in Sources */,
				0AC4C3722480398800125806 /* ContentView.swift in Sources */,
				0AC4C39324803A5C00125806 /* TooltipComponent.swift in Sources */,
				0AC4C3702480398800125806 /* AppDelegate.swift in Sources */,
				0AC4C387248039CF00125806 /* TimerRing.swift in Sources */,
			);
			runOnlyForDeploymentPostprocessing = 0;
		};
/* End PBXSourcesBuildPhase section */

/* Begin XCBuildConfiguration section */
		0AC4C3802480398900125806 /* Debug */ = {
			isa = XCBuildConfiguration;
			buildSettings = {
				ALWAYS_SEARCH_USER_PATHS = NO;
				CLANG_ANALYZER_NONNULL = YES;
				CLANG_ANALYZER_NUMBER_OBJECT_CONVERSION = YES_AGGRESSIVE;
				CLANG_CXX_LANGUAGE_STANDARD = "gnu++14";
				CLANG_CXX_LIBRARY = "libc++";
				CLANG_ENABLE_MODULES = YES;
				CLANG_ENABLE_OBJC_ARC = YES;
				CLANG_ENABLE_OBJC_WEAK = YES;
				CLANG_WARN_BLOCK_CAPTURE_AUTORELEASING = YES;
				CLANG_WARN_BOOL_CONVERSION = YES;
				CLANG_WARN_COMMA = YES;
				CLANG_WARN_CONSTANT_CONVERSION = YES;
				CLANG_WARN_DEPRECATED_OBJC_IMPLEMENTATIONS = YES;
				CLANG_WARN_DIRECT_OBJC_ISA_USAGE = YES_ERROR;
				CLANG_WARN_DOCUMENTATION_COMMENTS = YES;
				CLANG_WARN_EMPTY_BODY = YES;
				CLANG_WARN_ENUM_CONVERSION = YES;
				CLANG_WARN_INFINITE_RECURSION = YES;
				CLANG_WARN_INT_CONVERSION = YES;
				CLANG_WARN_NON_LITERAL_NULL_CONVERSION = YES;
				CLANG_WARN_OBJC_IMPLICIT_RETAIN_SELF = YES;
				CLANG_WARN_OBJC_LITERAL_CONVERSION = YES;
				CLANG_WARN_OBJC_ROOT_CLASS = YES_ERROR;
				CLANG_WARN_QUOTED_INCLUDE_IN_FRAMEWORK_HEADER = YES;
				CLANG_WARN_RANGE_LOOP_ANALYSIS = YES;
				CLANG_WARN_STRICT_PROTOTYPES = YES;
				CLANG_WARN_SUSPICIOUS_MOVE = YES;
				CLANG_WARN_UNGUARDED_AVAILABILITY = YES_AGGRESSIVE;
				CLANG_WARN_UNREACHABLE_CODE = YES;
				CLANG_WARN__DUPLICATE_METHOD_MATCH = YES;
				COPY_PHASE_STRIP = NO;
				DEBUG_INFORMATION_FORMAT = dwarf;
				ENABLE_STRICT_OBJC_MSGSEND = YES;
				ENABLE_TESTABILITY = YES;
				GCC_C_LANGUAGE_STANDARD = gnu11;
				GCC_DYNAMIC_NO_PIC = NO;
				GCC_NO_COMMON_BLOCKS = YES;
				GCC_OPTIMIZATION_LEVEL = 0;
				GCC_PREPROCESSOR_DEFINITIONS = (
					"DEBUG=1",
					"$(inherited)",
				);
				GCC_WARN_64_TO_32_BIT_CONVERSION = YES;
				GCC_WARN_ABOUT_RETURN_TYPE = YES_ERROR;
				GCC_WARN_UNDECLARED_SELECTOR = YES;
				GCC_WARN_UNINITIALIZED_AUTOS = YES_AGGRESSIVE;
				GCC_WARN_UNUSED_FUNCTION = YES;
				GCC_WARN_UNUSED_VARIABLE = YES;
				MACOSX_DEPLOYMENT_TARGET = 11.0;
				MTL_ENABLE_DEBUG_INFO = INCLUDE_SOURCE;
				MTL_FAST_MATH = YES;
				ONLY_ACTIVE_ARCH = YES;
				SDKROOT = macosx;
				SWIFT_ACTIVE_COMPILATION_CONDITIONS = DEBUG;
				SWIFT_OPTIMIZATION_LEVEL = "-Onone";
			};
			name = Debug;
		};
		0AC4C3812480398900125806 /* Release */ = {
			isa = XCBuildConfiguration;
			buildSettings = {
				ALWAYS_SEARCH_USER_PATHS = NO;
				CLANG_ANALYZER_NONNULL = YES;
				CLANG_ANALYZER_NUMBER_OBJECT_CONVERSION = YES_AGGRESSIVE;
				CLANG_CXX_LANGUAGE_STANDARD = "gnu++14";
				CLANG_CXX_LIBRARY = "libc++";
				CLANG_ENABLE_MODULES = YES;
				CLANG_ENABLE_OBJC_ARC = YES;
				CLANG_ENABLE_OBJC_WEAK = YES;
				CLANG_WARN_BLOCK_CAPTURE_AUTORELEASING = YES;
				CLANG_WARN_BOOL_CONVERSION = YES;
				CLANG_WARN_COMMA = YES;
				CLANG_WARN_CONSTANT_CONVERSION = YES;
				CLANG_WARN_DEPRECATED_OBJC_IMPLEMENTATIONS = YES;
				CLANG_WARN_DIRECT_OBJC_ISA_USAGE = YES_ERROR;
				CLANG_WARN_DOCUMENTATION_COMMENTS = YES;
				CLANG_WARN_EMPTY_BODY = YES;
				CLANG_WARN_ENUM_CONVERSION = YES;
				CLANG_WARN_INFINITE_RECURSION = YES;
				CLANG_WARN_INT_CONVERSION = YES;
				CLANG_WARN_NON_LITERAL_NULL_CONVERSION = YES;
				CLANG_WARN_OBJC_IMPLICIT_RETAIN_SELF = YES;
				CLANG_WARN_OBJC_LITERAL_CONVERSION = YES;
				CLANG_WARN_OBJC_ROOT_CLASS = YES_ERROR;
				CLANG_WARN_QUOTED_INCLUDE_IN_FRAMEWORK_HEADER = YES;
				CLANG_WARN_RANGE_LOOP_ANALYSIS = YES;
				CLANG_WARN_STRICT_PROTOTYPES = YES;
				CLANG_WARN_SUSPICIOUS_MOVE = YES;
				CLANG_WARN_UNGUARDED_AVAILABILITY = YES_AGGRESSIVE;
				CLANG_WARN_UNREACHABLE_CODE = YES;
				CLANG_WARN__DUPLICATE_METHOD_MATCH = YES;
				COPY_PHASE_STRIP = NO;
				DEBUG_INFORMATION_FORMAT = "dwarf-with-dsym";
				ENABLE_NS_ASSERTIONS = NO;
				ENABLE_STRICT_OBJC_MSGSEND = YES;
				GCC_C_LANGUAGE_STANDARD = gnu11;
				GCC_NO_COMMON_BLOCKS = YES;
				GCC_WARN_64_TO_32_BIT_CONVERSION = YES;
				GCC_WARN_ABOUT_RETURN_TYPE = YES_ERROR;
				GCC_WARN_UNDECLARED_SELECTOR = YES;
				GCC_WARN_UNINITIALIZED_AUTOS = YES_AGGRESSIVE;
				GCC_WARN_UNUSED_FUNCTION = YES;
				GCC_WARN_UNUSED_VARIABLE = YES;
				MACOSX_DEPLOYMENT_TARGET = 11.0;
				MTL_ENABLE_DEBUG_INFO = NO;
				MTL_FAST_MATH = YES;
				SDKROOT = macosx;
				SWIFT_COMPILATION_MODE = wholemodule;
				SWIFT_OPTIMIZATION_LEVEL = "-O";
			};
			name = Release;
		};
		0AC4C3832480398900125806 /* Debug */ = {
			isa = XCBuildConfiguration;
			buildSettings = {
				ASSETCATALOG_COMPILER_APPICON_NAME = AppIcon;
				CODE_SIGN_ENTITLEMENTS = Pomosh/Pomosh.entitlements;
				CODE_SIGN_IDENTITY = "-";
				CODE_SIGN_STYLE = Automatic;
				COMBINE_HIDPI_IMAGES = YES;
				CURRENT_PROJECT_VERSION = 6;
				DEVELOPMENT_ASSET_PATHS = "\"Pomosh/Preview Content\"";
				DEVELOPMENT_TEAM = 9937MYTBBA;
				ENABLE_HARDENED_RUNTIME = YES;
				ENABLE_PREVIEWS = YES;
				FRAMEWORK_SEARCH_PATHS = "";
				HEADER_SEARCH_PATHS = "";
				INFOPLIST_FILE = Pomosh/Info.plist;
				LD_RUNPATH_SEARCH_PATHS = (
					"$(inherited)",
					"@executable_path/../Frameworks",
				);
				MACOSX_DEPLOYMENT_TARGET = 10.15;
				MARKETING_VERSION = 1.0.6;
				PRODUCT_BUNDLE_IDENTIFIER = org.tabbycat.PomoshProductiviyTimer;
				PRODUCT_NAME = "$(TARGET_NAME)";
				SWIFT_VERSION = 5.0;
			};
			name = Debug;
		};
		0AC4C3842480398900125806 /* Release */ = {
			isa = XCBuildConfiguration;
			buildSettings = {
				ASSETCATALOG_COMPILER_APPICON_NAME = AppIcon;
				CODE_SIGN_ENTITLEMENTS = Pomosh/Pomosh.entitlements;
				CODE_SIGN_IDENTITY = "-";
				CODE_SIGN_STYLE = Automatic;
				COMBINE_HIDPI_IMAGES = YES;
				CURRENT_PROJECT_VERSION = 6;
				DEVELOPMENT_ASSET_PATHS = "\"Pomosh/Preview Content\"";
				DEVELOPMENT_TEAM = 9937MYTBBA;
				ENABLE_HARDENED_RUNTIME = YES;
				ENABLE_PREVIEWS = YES;
				FRAMEWORK_SEARCH_PATHS = "";
				HEADER_SEARCH_PATHS = "";
				INFOPLIST_FILE = Pomosh/Info.plist;
				LD_RUNPATH_SEARCH_PATHS = (
					"$(inherited)",
					"@executable_path/../Frameworks",
				);
				MACOSX_DEPLOYMENT_TARGET = 10.15;
				MARKETING_VERSION = 1.0.6;
				PRODUCT_BUNDLE_IDENTIFIER = org.tabbycat.PomoshProductiviyTimer;
				PRODUCT_NAME = "$(TARGET_NAME)";
				SWIFT_VERSION = 5.0;
			};
			name = Release;
		};
/* End XCBuildConfiguration section */

/* Begin XCConfigurationList section */
		0AC4C3672480398800125806 /* Build configuration list for PBXProject "Pomosh" */ = {
			isa = XCConfigurationList;
			buildConfigurations = (
				0AC4C3802480398900125806 /* Debug */,
				0AC4C3812480398900125806 /* Release */,
			);
			defaultConfigurationIsVisible = 0;
			defaultConfigurationName = Release;
		};
		0AC4C3822480398900125806 /* Build configuration list for PBXNativeTarget "Pomosh" */ = {
			isa = XCConfigurationList;
			buildConfigurations = (
				0AC4C3832480398900125806 /* Debug */,
				0AC4C3842480398900125806 /* Release */,
			);
			defaultConfigurationIsVisible = 0;
			defaultConfigurationName = Release;
		};
/* End XCConfigurationList section */
	};
	rootObject = 0AC4C3642480398800125806 /* Project object */;
}
